
Microsoft Visual Studio Solution File, Format Version 12.00
# Visual Studio 14
VisualStudioVersion = 14.0.25420.1
MinimumVisualStudioVersion = 10.0.40219.1
Project("{FAE04EC0-301F-11D3-BF4B-00C04F79EFBC}") = "Lupi.Web.Api", "Lupi.Web.Api\Lupi.Web.Api.csproj", "{73666E0E-4CF9-45F8-821B-D39474C33400}"
EndProject
Project("{FAE04EC0-301F-11D3-BF4B-00C04F79EFBC}") = "Lupi.Web.Api.Models", "Lupi.Web.Api.Models\Lupi.Web.Api.Models.csproj", "{6A3E5B05-DDB1-4B2D-AAB4-C5043E09A716}"
EndProject
Project("{FAE04EC0-301F-11D3-BF4B-00C04F79EFBC}") = "Lupi.Data.Entities", "Lupi.Data.Entities\Lupi.Data.Entities.csproj", "{264158AA-489B-467F-85F7-F1FD35CA466A}"
EndProject
Project("{FAE04EC0-301F-11D3-BF4B-00C04F79EFBC}") = "Lupi.Data.DataAccess", "Lupi.Data.DataAccess\Lupi.Data.DataAccess.csproj", "{2731CACD-20D9-4A16-85F4-F002AABFA606}"
EndProject
Global
	GlobalSection(SolutionConfigurationPlatforms) = preSolution
		Debug|Any CPU = Debug|Any CPU
		Release|Any CPU = Release|Any CPU
	EndGlobalSection
	GlobalSection(ProjectConfigurationPlatforms) = postSolution
		{73666E0E-4CF9-45F8-821B-D39474C33400}.Debug|Any CPU.ActiveCfg = Debug|Any CPU
		{73666E0E-4CF9-45F8-821B-D39474C33400}.Debug|Any CPU.Build.0 = Debug|Any CPU
		{73666E0E-4CF9-45F8-821B-D39474C33400}.Release|Any CPU.ActiveCfg = Release|Any CPU
		{73666E0E-4CF9-45F8-821B-D39474C33400}.Release|Any CPU.Build.0 = Release|Any CPU
		{6A3E5B05-DDB1-4B2D-AAB4-C5043E09A716}.Debug|Any CPU.ActiveCfg = Debug|Any CPU
		{6A3E5B05-DDB1-4B2D-AAB4-C5043E09A716}.Debug|Any CPU.Build.0 = Debug|Any CPU
		{6A3E5B05-DDB1-4B2D-AAB4-C5043E09A716}.Release|Any CPU.ActiveCfg = Release|Any CPU
		{6A3E5B05-DDB1-4B2D-AAB4-C5043E09A716}.Release|Any CPU.Build.0 = Release|Any CPU
		{264158AA-489B-467F-85F7-F1FD35CA466A}.Debug|Any CPU.ActiveCfg = Debug|Any CPU
		{264158AA-489B-467F-85F7-F1FD35CA466A}.Debug|Any CPU.Build.0 = Debug|Any CPU
		{264158AA-489B-467F-85F7-F1FD35CA466A}.Release|Any CPU.ActiveCfg = Release|Any CPU
		{264158AA-489B-467F-85F7-F1FD35CA466A}.Release|Any CPU.Build.0 = Release|Any CPU
		{2731CACD-20D9-4A16-85F4-F002AABFA606}.Debug|Any CPU.ActiveCfg = Debug|Any CPU
		{2731CACD-20D9-4A16-85F4-F002AABFA606}.Debug|Any CPU.Build.0 = Debug|Any CPU
		{2731CACD-20D9-4A16-85F4-F002AABFA606}.Release|Any CPU.ActiveCfg = Release|Any CPU
		{2731CACD-20D9-4A16-85F4-F002AABFA606}.Release|Any CPU.Build.0 = Release|Any CPU
	EndGlobalSection
	GlobalSection(SolutionProperties) = preSolution
		HideSolutionNode = FALSE
	EndGlobalSection
EndGlobal
