
Microsoft Visual Studio Solution File, Format Version 12.00
# Visual Studio 14
VisualStudioVersion = 14.0.25420.1
MinimumVisualStudioVersion = 10.0.40219.1
Project("{FAE04EC0-301F-11D3-BF4B-00C04F79EFBC}") = "Lupi.Web.Api", "Lupi.Web.Api\Lupi.Web.Api.csproj", "{5352ED82-2BC0-4EF5-9E59-D588212D9FC2}"
EndProject
Project("{FAE04EC0-301F-11D3-BF4B-00C04F79EFBC}") = "Lupi.Web.Api.Models", "Lupi.Web.Api.Models\Lupi.Web.Api.Models.csproj", "{BBD60B16-6968-4D6A-9A43-3FC3431829BA}"
EndProject
Project("{FAE04EC0-301F-11D3-BF4B-00C04F79EFBC}") = "Lupi.Data.Entities", "Lupi.Data.Entities\Lupi.Data.Entities.csproj", "{BA4B47A3-6E44-4173-AE78-42ADB95658D3}"
EndProject
Project("{FAE04EC0-301F-11D3-BF4B-00C04F79EFBC}") = "Lupi.Data.DataAccess", "Lupi.Data.DataAccess\Lupi.Data.DataAccess.csproj", "{56FEB04B-0ACC-4E9E-87D7-A4FB2AF76F01}"
EndProject
Global
	GlobalSection(SolutionConfigurationPlatforms) = preSolution
		Debug|Any CPU = Debug|Any CPU
		Release|Any CPU = Release|Any CPU
	EndGlobalSection
	GlobalSection(ProjectConfigurationPlatforms) = postSolution
		{5352ED82-2BC0-4EF5-9E59-D588212D9FC2}.Debug|Any CPU.ActiveCfg = Debug|Any CPU
		{5352ED82-2BC0-4EF5-9E59-D588212D9FC2}.Debug|Any CPU.Build.0 = Debug|Any CPU
		{5352ED82-2BC0-4EF5-9E59-D588212D9FC2}.Release|Any CPU.ActiveCfg = Release|Any CPU
		{5352ED82-2BC0-4EF5-9E59-D588212D9FC2}.Release|Any CPU.Build.0 = Release|Any CPU
		{BBD60B16-6968-4D6A-9A43-3FC3431829BA}.Debug|Any CPU.ActiveCfg = Debug|Any CPU
		{BBD60B16-6968-4D6A-9A43-3FC3431829BA}.Debug|Any CPU.Build.0 = Debug|Any CPU
		{BBD60B16-6968-4D6A-9A43-3FC3431829BA}.Release|Any CPU.ActiveCfg = Release|Any CPU
		{BBD60B16-6968-4D6A-9A43-3FC3431829BA}.Release|Any CPU.Build.0 = Release|Any CPU
		{BA4B47A3-6E44-4173-AE78-42ADB95658D3}.Debug|Any CPU.ActiveCfg = Debug|Any CPU
		{BA4B47A3-6E44-4173-AE78-42ADB95658D3}.Debug|Any CPU.Build.0 = Debug|Any CPU
		{BA4B47A3-6E44-4173-AE78-42ADB95658D3}.Release|Any CPU.ActiveCfg = Release|Any CPU
		{BA4B47A3-6E44-4173-AE78-42ADB95658D3}.Release|Any CPU.Build.0 = Release|Any CPU
		{56FEB04B-0ACC-4E9E-87D7-A4FB2AF76F01}.Debug|Any CPU.ActiveCfg = Debug|Any CPU
		{56FEB04B-0ACC-4E9E-87D7-A4FB2AF76F01}.Debug|Any CPU.Build.0 = Debug|Any CPU
		{56FEB04B-0ACC-4E9E-87D7-A4FB2AF76F01}.Release|Any CPU.ActiveCfg = Release|Any CPU
		{56FEB04B-0ACC-4E9E-87D7-A4FB2AF76F01}.Release|Any CPU.Build.0 = Release|Any CPU
	EndGlobalSection
	GlobalSection(SolutionProperties) = preSolution
		HideSolutionNode = FALSE
	EndGlobalSection
EndGlobal
